
Microsoft Visual Studio Solution File, Format Version 12.00
# Visual Studio 14
VisualStudioVersion = 14.0.23107.0
MinimumVisualStudioVersion = 10.0.40219.1
Project("{8BC9CEB8-8B4A-11D0-8D11-00A0C91BC942}") = "Framework", "Framework\Framework.vcxproj", "{3BA13844-1F65-49BD-BF81-856C68FB1904}"
EndProject
Project("{8BC9CEB8-8B4A-11D0-8D11-00A0C91BC942}") = "Simple", "Simple\Simple.vcxproj", "{E07B0FEF-2B66-4995-AFDF-76F68EA59981}"
	ProjectSection(ProjectDependencies) = postProject
		{3BA13844-1F65-49BD-BF81-856C68FB1904} = {3BA13844-1F65-49BD-BF81-856C68FB1904}
	EndProjectSection
EndProject
Project("{8BC9CEB8-8B4A-11D0-8D11-00A0C91BC942}") = "SimpleUniform", "SimpleUniform\SimpleUniform.vcxproj", "{5A368391-77D1-4709-8F5A-1606E4DB7292}"
EndProject
Project("{8BC9CEB8-8B4A-11D0-8D11-00A0C91BC942}") = "SimpleIndexedDrawing", "SimpleIndexedDrawing\SimpleIndexedDrawing.vcxproj", "{68EF0201-1BB8-4AAE-9418-08E74732A0C3}"
EndProject
Project("{8BC9CEB8-8B4A-11D0-8D11-00A0C91BC942}") = "SimpleInstancing", "SimpleInstancing\SimpleInstancing.vcxproj", "{2A352296-334F-4A99-B58A-1A01722CC635}"
EndProject
Project("{8BC9CEB8-8B4A-11D0-8D11-00A0C91BC942}") = "SimpleTexturing", "SimpleTexturing\SimpleTexturing.vcxproj", "{60002FC6-6878-4000-979B-13C77288E0E1}"
	ProjectSection(ProjectDependencies) = postProject
		{3BA13844-1F65-49BD-BF81-856C68FB1904} = {3BA13844-1F65-49BD-BF81-856C68FB1904}
	EndProjectSection
EndProject
Project("{8BC9CEB8-8B4A-11D0-8D11-00A0C91BC942}") = "DirectXTK_Desktop_2013", "DirectXTK\DirectXTK_Desktop_2013.vcxproj", "{E0B52AE7-E160-4D32-BF3F-910B785E5A8E}"
EndProject
Project("{8BC9CEB8-8B4A-11D0-8D11-00A0C91BC942}") = "TestScene", "TestScene\TestScene.vcxproj", "{5E443ECF-C31B-4438-BD00-5ED06A7034DC}"
EndProject
Project("{8BC9CEB8-8B4A-11D0-8D11-00A0C91BC942}") = "TestPoints", "TestPoints\TestPoints.vcxproj", "{7879B9C2-6434-460F-ABF9-10DDBB5DF319}"
EndProject
Project("{8BC9CEB8-8B4A-11D0-8D11-00A0C91BC942}") = "TestRasterization", "TestRasterization\TestRasterization.vcxproj", "{DD51F923-398F-4CC0-9B19-E2B9DFDD19E0}"
EndProject
Project("{8BC9CEB8-8B4A-11D0-8D11-00A0C91BC942}") = "TestDraw", "TestDraw\TestDraw.vcxproj", "{EB8029AD-4CE9-41A2-AA26-E9F4B080F3F8}"
EndProject
Project("{8BC9CEB8-8B4A-11D0-8D11-00A0C91BC942}") = "TestTriangleStrips", "TestTriangleStrips\TestTriangleStrips.vcxproj", "{687754FC-83DC-4035-98A2-67F99997DC87}"
EndProject
Project("{8BC9CEB8-8B4A-11D0-8D11-00A0C91BC942}") = "TestUniformUpdate", "TestUniformUpdate\TestUniformUpdate.vcxproj", "{3A43FFFD-1775-4CAA-8FA4-2772C35DD25F}"
EndProject
Project("{8BC9CEB8-8B4A-11D0-8D11-00A0C91BC942}") = "Test3D", "Test3D\Test3D.vcxproj", "{5ECE075B-6239-4672-B0E3-F2F8B2F5C9B6}"
EndProject
Project("{8BC9CEB8-8B4A-11D0-8D11-00A0C91BC942}") = "Assets", "Assets\Assets.vcxproj", "{6360E565-7B14-4E42-998A-AF166C174397}"
EndProject
Project("{8BC9CEB8-8B4A-11D0-8D11-00A0C91BC942}") = "Initialization", "Initialization\Initialization.vcxproj", "{162339B8-5B22-4F80-B722-300F26D4DCD5}"
EndProject
Project("{8BC9CEB8-8B4A-11D0-8D11-00A0C91BC942}") = "ImageCompare", "ImageCompare\ImageCompare.vcxproj", "{291F6F4B-C3F5-4584-BD2C-DBCC1CF6BAB2}"
EndProject
Project("{8BC9CEB8-8B4A-11D0-8D11-00A0C91BC942}") = "Suzanne", "Suzanne\Suzanne.vcxproj", "{28D4B1B1-708D-4063-AE56-69256333D822}"
EndProject
Global
	GlobalSection(SolutionConfigurationPlatforms) = preSolution
		Debug|Mixed Platforms = Debug|Mixed Platforms
		Debug|Win32 = Debug|Win32
		Debug|x64 = Debug|x64
		Debug|x64_2 = Debug|x64_2
		Release|Mixed Platforms = Release|Mixed Platforms
		Release|Win32 = Release|Win32
		Release|x64 = Release|x64
		Release|x64_2 = Release|x64_2
	EndGlobalSection
	GlobalSection(ProjectConfigurationPlatforms) = postSolution
		{3BA13844-1F65-49BD-BF81-856C68FB1904}.Debug|Mixed Platforms.ActiveCfg = Debug|Win32
		{3BA13844-1F65-49BD-BF81-856C68FB1904}.Debug|Mixed Platforms.Build.0 = Debug|Win32
		{3BA13844-1F65-49BD-BF81-856C68FB1904}.Debug|Win32.ActiveCfg = Debug|Win32
		{3BA13844-1F65-49BD-BF81-856C68FB1904}.Debug|Win32.Build.0 = Debug|Win32
		{3BA13844-1F65-49BD-BF81-856C68FB1904}.Debug|x64.ActiveCfg = Debug|x64
		{3BA13844-1F65-49BD-BF81-856C68FB1904}.Debug|x64.Build.0 = Debug|x64
		{3BA13844-1F65-49BD-BF81-856C68FB1904}.Debug|x64_2.ActiveCfg = Release|Win32
		{3BA13844-1F65-49BD-BF81-856C68FB1904}.Debug|x64_2.Build.0 = Release|Win32
		{3BA13844-1F65-49BD-BF81-856C68FB1904}.Release|Mixed Platforms.ActiveCfg = Release|Win32
		{3BA13844-1F65-49BD-BF81-856C68FB1904}.Release|Mixed Platforms.Build.0 = Release|Win32
		{3BA13844-1F65-49BD-BF81-856C68FB1904}.Release|Win32.ActiveCfg = Release|Win32
		{3BA13844-1F65-49BD-BF81-856C68FB1904}.Release|Win32.Build.0 = Release|Win32
		{3BA13844-1F65-49BD-BF81-856C68FB1904}.Release|x64.ActiveCfg = Release|x64
		{3BA13844-1F65-49BD-BF81-856C68FB1904}.Release|x64.Build.0 = Release|x64
		{3BA13844-1F65-49BD-BF81-856C68FB1904}.Release|x64_2.ActiveCfg = Release|Win32
		{3BA13844-1F65-49BD-BF81-856C68FB1904}.Release|x64_2.Build.0 = Release|Win32
		{E07B0FEF-2B66-4995-AFDF-76F68EA59981}.Debug|Mixed Platforms.ActiveCfg = Debug|Win32
		{E07B0FEF-2B66-4995-AFDF-76F68EA59981}.Debug|Mixed Platforms.Build.0 = Debug|Win32
		{E07B0FEF-2B66-4995-AFDF-76F68EA59981}.Debug|Win32.ActiveCfg = Debug|Win32
		{E07B0FEF-2B66-4995-AFDF-76F68EA59981}.Debug|Win32.Build.0 = Debug|Win32
		{E07B0FEF-2B66-4995-AFDF-76F68EA59981}.Debug|x64.ActiveCfg = Debug|x64
		{E07B0FEF-2B66-4995-AFDF-76F68EA59981}.Debug|x64_2.ActiveCfg = Release|Win32
		{E07B0FEF-2B66-4995-AFDF-76F68EA59981}.Release|Mixed Platforms.ActiveCfg = Release|Win32
		{E07B0FEF-2B66-4995-AFDF-76F68EA59981}.Release|Mixed Platforms.Build.0 = Release|Win32
		{E07B0FEF-2B66-4995-AFDF-76F68EA59981}.Release|Win32.ActiveCfg = Release|Win32
		{E07B0FEF-2B66-4995-AFDF-76F68EA59981}.Release|Win32.Build.0 = Release|Win32
		{E07B0FEF-2B66-4995-AFDF-76F68EA59981}.Release|x64.ActiveCfg = Release|x64
		{E07B0FEF-2B66-4995-AFDF-76F68EA59981}.Release|x64_2.ActiveCfg = Release|Win32
		{5A368391-77D1-4709-8F5A-1606E4DB7292}.Debug|Mixed Platforms.ActiveCfg = Debug|Win32
		{5A368391-77D1-4709-8F5A-1606E4DB7292}.Debug|Mixed Platforms.Build.0 = Debug|Win32
		{5A368391-77D1-4709-8F5A-1606E4DB7292}.Debug|Win32.ActiveCfg = Debug|Win32
		{5A368391-77D1-4709-8F5A-1606E4DB7292}.Debug|Win32.Build.0 = Debug|Win32
		{5A368391-77D1-4709-8F5A-1606E4DB7292}.Debug|x64.ActiveCfg = Debug|x64
		{5A368391-77D1-4709-8F5A-1606E4DB7292}.Debug|x64_2.ActiveCfg = Release|Win32
		{5A368391-77D1-4709-8F5A-1606E4DB7292}.Release|Mixed Platforms.ActiveCfg = Release|Win32
		{5A368391-77D1-4709-8F5A-1606E4DB7292}.Release|Mixed Platforms.Build.0 = Release|Win32
		{5A368391-77D1-4709-8F5A-1606E4DB7292}.Release|Win32.ActiveCfg = Release|Win32
		{5A368391-77D1-4709-8F5A-1606E4DB7292}.Release|Win32.Build.0 = Release|Win32
		{5A368391-77D1-4709-8F5A-1606E4DB7292}.Release|x64.ActiveCfg = Release|x64
		{5A368391-77D1-4709-8F5A-1606E4DB7292}.Release|x64_2.ActiveCfg = Release|Win32
		{68EF0201-1BB8-4AAE-9418-08E74732A0C3}.Debug|Mixed Platforms.ActiveCfg = Debug|Win32
		{68EF0201-1BB8-4AAE-9418-08E74732A0C3}.Debug|Mixed Platforms.Build.0 = Debug|Win32
		{68EF0201-1BB8-4AAE-9418-08E74732A0C3}.Debug|Win32.ActiveCfg = Debug|Win32
		{68EF0201-1BB8-4AAE-9418-08E74732A0C3}.Debug|Win32.Build.0 = Debug|Win32
		{68EF0201-1BB8-4AAE-9418-08E74732A0C3}.Debug|x64.ActiveCfg = Debug|x64
		{68EF0201-1BB8-4AAE-9418-08E74732A0C3}.Debug|x64_2.ActiveCfg = Release|Win32
		{68EF0201-1BB8-4AAE-9418-08E74732A0C3}.Release|Mixed Platforms.ActiveCfg = Release|Win32
		{68EF0201-1BB8-4AAE-9418-08E74732A0C3}.Release|Mixed Platforms.Build.0 = Release|Win32
		{68EF0201-1BB8-4AAE-9418-08E74732A0C3}.Release|Win32.ActiveCfg = Release|Win32
		{68EF0201-1BB8-4AAE-9418-08E74732A0C3}.Release|Win32.Build.0 = Release|Win32
		{68EF0201-1BB8-4AAE-9418-08E74732A0C3}.Release|x64.ActiveCfg = Release|x64
		{68EF0201-1BB8-4AAE-9418-08E74732A0C3}.Release|x64_2.ActiveCfg = Release|Win32
		{2A352296-334F-4A99-B58A-1A01722CC635}.Debug|Mixed Platforms.ActiveCfg = Debug|Win32
		{2A352296-334F-4A99-B58A-1A01722CC635}.Debug|Mixed Platforms.Build.0 = Debug|Win32
		{2A352296-334F-4A99-B58A-1A01722CC635}.Debug|Win32.ActiveCfg = Debug|Win32
		{2A352296-334F-4A99-B58A-1A01722CC635}.Debug|Win32.Build.0 = Debug|Win32
		{2A352296-334F-4A99-B58A-1A01722CC635}.Debug|x64.ActiveCfg = Debug|x64
		{2A352296-334F-4A99-B58A-1A01722CC635}.Debug|x64_2.ActiveCfg = Release|Win32
		{2A352296-334F-4A99-B58A-1A01722CC635}.Release|Mixed Platforms.ActiveCfg = Release|Win32
		{2A352296-334F-4A99-B58A-1A01722CC635}.Release|Mixed Platforms.Build.0 = Release|Win32
		{2A352296-334F-4A99-B58A-1A01722CC635}.Release|Win32.ActiveCfg = Release|Win32
		{2A352296-334F-4A99-B58A-1A01722CC635}.Release|Win32.Build.0 = Release|Win32
		{2A352296-334F-4A99-B58A-1A01722CC635}.Release|x64.ActiveCfg = Release|x64
		{2A352296-334F-4A99-B58A-1A01722CC635}.Release|x64_2.ActiveCfg = Release|Win32
		{60002FC6-6878-4000-979B-13C77288E0E1}.Debug|Mixed Platforms.ActiveCfg = Debug|Win32
		{60002FC6-6878-4000-979B-13C77288E0E1}.Debug|Mixed Platforms.Build.0 = Debug|Win32
		{60002FC6-6878-4000-979B-13C77288E0E1}.Debug|Win32.ActiveCfg = Debug|Win32
		{60002FC6-6878-4000-979B-13C77288E0E1}.Debug|Win32.Build.0 = Debug|Win32
		{60002FC6-6878-4000-979B-13C77288E0E1}.Debug|x64.ActiveCfg = Debug|x64
		{60002FC6-6878-4000-979B-13C77288E0E1}.Debug|x64_2.ActiveCfg = Release|Win32
		{60002FC6-6878-4000-979B-13C77288E0E1}.Release|Mixed Platforms.ActiveCfg = Release|Win32
		{60002FC6-6878-4000-979B-13C77288E0E1}.Release|Mixed Platforms.Build.0 = Release|Win32
		{60002FC6-6878-4000-979B-13C77288E0E1}.Release|Win32.ActiveCfg = Release|Win32
		{60002FC6-6878-4000-979B-13C77288E0E1}.Release|Win32.Build.0 = Release|Win32
		{60002FC6-6878-4000-979B-13C77288E0E1}.Release|x64.ActiveCfg = Release|x64
		{60002FC6-6878-4000-979B-13C77288E0E1}.Release|x64_2.ActiveCfg = Release|Win32
		{E0B52AE7-E160-4D32-BF3F-910B785E5A8E}.Debug|Mixed Platforms.ActiveCfg = Debug|Win32
		{E0B52AE7-E160-4D32-BF3F-910B785E5A8E}.Debug|Mixed Platforms.Build.0 = Debug|Win32
		{E0B52AE7-E160-4D32-BF3F-910B785E5A8E}.Debug|Win32.ActiveCfg = Debug|Win32
		{E0B52AE7-E160-4D32-BF3F-910B785E5A8E}.Debug|Win32.Build.0 = Debug|Win32
		{E0B52AE7-E160-4D32-BF3F-910B785E5A8E}.Debug|x64.ActiveCfg = Debug|x64
		{E0B52AE7-E160-4D32-BF3F-910B785E5A8E}.Debug|x64.Build.0 = Debug|x64
		{E0B52AE7-E160-4D32-BF3F-910B785E5A8E}.Debug|x64_2.ActiveCfg = Release|x64
		{E0B52AE7-E160-4D32-BF3F-910B785E5A8E}.Debug|x64_2.Build.0 = Release|x64
		{E0B52AE7-E160-4D32-BF3F-910B785E5A8E}.Release|Mixed Platforms.ActiveCfg = Release|Win32
		{E0B52AE7-E160-4D32-BF3F-910B785E5A8E}.Release|Mixed Platforms.Build.0 = Release|Win32
		{E0B52AE7-E160-4D32-BF3F-910B785E5A8E}.Release|Win32.ActiveCfg = Release|Win32
		{E0B52AE7-E160-4D32-BF3F-910B785E5A8E}.Release|Win32.Build.0 = Release|Win32
		{E0B52AE7-E160-4D32-BF3F-910B785E5A8E}.Release|x64.ActiveCfg = Release|x64
		{E0B52AE7-E160-4D32-BF3F-910B785E5A8E}.Release|x64.Build.0 = Release|x64
		{E0B52AE7-E160-4D32-BF3F-910B785E5A8E}.Release|x64_2.ActiveCfg = Release|x64
		{E0B52AE7-E160-4D32-BF3F-910B785E5A8E}.Release|x64_2.Build.0 = Release|x64
		{5E443ECF-C31B-4438-BD00-5ED06A7034DC}.Debug|Mixed Platforms.ActiveCfg = Debug|Win32
		{5E443ECF-C31B-4438-BD00-5ED06A7034DC}.Debug|Mixed Platforms.Build.0 = Debug|Win32
		{5E443ECF-C31B-4438-BD00-5ED06A7034DC}.Debug|Win32.ActiveCfg = Debug|Win32
		{5E443ECF-C31B-4438-BD00-5ED06A7034DC}.Debug|Win32.Build.0 = Debug|Win32
		{5E443ECF-C31B-4438-BD00-5ED06A7034DC}.Debug|x64.ActiveCfg = Debug|x64
		{5E443ECF-C31B-4438-BD00-5ED06A7034DC}.Debug|x64.Build.0 = Debug|x64
		{5E443ECF-C31B-4438-BD00-5ED06A7034DC}.Debug|x64_2.ActiveCfg = Release|Win32
		{5E443ECF-C31B-4438-BD00-5ED06A7034DC}.Debug|x64_2.Build.0 = Release|Win32
		{5E443ECF-C31B-4438-BD00-5ED06A7034DC}.Release|Mixed Platforms.ActiveCfg = Release|Win32
		{5E443ECF-C31B-4438-BD00-5ED06A7034DC}.Release|Mixed Platforms.Build.0 = Release|Win32
		{5E443ECF-C31B-4438-BD00-5ED06A7034DC}.Release|Win32.ActiveCfg = Release|Win32
		{5E443ECF-C31B-4438-BD00-5ED06A7034DC}.Release|Win32.Build.0 = Release|Win32
		{5E443ECF-C31B-4438-BD00-5ED06A7034DC}.Release|x64.ActiveCfg = Release|x64
		{5E443ECF-C31B-4438-BD00-5ED06A7034DC}.Release|x64.Build.0 = Release|x64
		{5E443ECF-C31B-4438-BD00-5ED06A7034DC}.Release|x64_2.ActiveCfg = Release|Win32
		{5E443ECF-C31B-4438-BD00-5ED06A7034DC}.Release|x64_2.Build.0 = Release|Win32
		{7879B9C2-6434-460F-ABF9-10DDBB5DF319}.Debug|Mixed Platforms.ActiveCfg = Debug|Win32
		{7879B9C2-6434-460F-ABF9-10DDBB5DF319}.Debug|Mixed Platforms.Build.0 = Debug|Win32
		{7879B9C2-6434-460F-ABF9-10DDBB5DF319}.Debug|Win32.ActiveCfg = Debug|Win32
		{7879B9C2-6434-460F-ABF9-10DDBB5DF319}.Debug|Win32.Build.0 = Debug|Win32
		{7879B9C2-6434-460F-ABF9-10DDBB5DF319}.Debug|x64.ActiveCfg = Debug|x64
		{7879B9C2-6434-460F-ABF9-10DDBB5DF319}.Debug|x64.Build.0 = Debug|x64
		{7879B9C2-6434-460F-ABF9-10DDBB5DF319}.Debug|x64_2.ActiveCfg = Release|Win32
		{7879B9C2-6434-460F-ABF9-10DDBB5DF319}.Debug|x64_2.Build.0 = Release|Win32
		{7879B9C2-6434-460F-ABF9-10DDBB5DF319}.Release|Mixed Platforms.ActiveCfg = Release|Win32
		{7879B9C2-6434-460F-ABF9-10DDBB5DF319}.Release|Mixed Platforms.Build.0 = Release|Win32
		{7879B9C2-6434-460F-ABF9-10DDBB5DF319}.Release|Win32.ActiveCfg = Release|Win32
		{7879B9C2-6434-460F-ABF9-10DDBB5DF319}.Release|Win32.Build.0 = Release|Win32
		{7879B9C2-6434-460F-ABF9-10DDBB5DF319}.Release|x64.ActiveCfg = Release|x64
		{7879B9C2-6434-460F-ABF9-10DDBB5DF319}.Release|x64.Build.0 = Release|x64
		{7879B9C2-6434-460F-ABF9-10DDBB5DF319}.Release|x64_2.ActiveCfg = Release|Win32
		{7879B9C2-6434-460F-ABF9-10DDBB5DF319}.Release|x64_2.Build.0 = Release|Win32
		{DD51F923-398F-4CC0-9B19-E2B9DFDD19E0}.Debug|Mixed Platforms.ActiveCfg = Debug|Win32
		{DD51F923-398F-4CC0-9B19-E2B9DFDD19E0}.Debug|Mixed Platforms.Build.0 = Debug|Win32
		{DD51F923-398F-4CC0-9B19-E2B9DFDD19E0}.Debug|Win32.ActiveCfg = Debug|Win32
		{DD51F923-398F-4CC0-9B19-E2B9DFDD19E0}.Debug|Win32.Build.0 = Debug|Win32
		{DD51F923-398F-4CC0-9B19-E2B9DFDD19E0}.Debug|x64.ActiveCfg = Debug|x64
		{DD51F923-398F-4CC0-9B19-E2B9DFDD19E0}.Debug|x64.Build.0 = Debug|x64
		{DD51F923-398F-4CC0-9B19-E2B9DFDD19E0}.Debug|x64_2.ActiveCfg = Release|Win32
		{DD51F923-398F-4CC0-9B19-E2B9DFDD19E0}.Debug|x64_2.Build.0 = Release|Win32
		{DD51F923-398F-4CC0-9B19-E2B9DFDD19E0}.Release|Mixed Platforms.ActiveCfg = Release|Win32
		{DD51F923-398F-4CC0-9B19-E2B9DFDD19E0}.Release|Mixed Platforms.Build.0 = Release|Win32
		{DD51F923-398F-4CC0-9B19-E2B9DFDD19E0}.Release|Win32.ActiveCfg = Release|Win32
		{DD51F923-398F-4CC0-9B19-E2B9DFDD19E0}.Release|Win32.Build.0 = Release|Win32
		{DD51F923-398F-4CC0-9B19-E2B9DFDD19E0}.Release|x64.ActiveCfg = Release|x64
		{DD51F923-398F-4CC0-9B19-E2B9DFDD19E0}.Release|x64.Build.0 = Release|x64
		{DD51F923-398F-4CC0-9B19-E2B9DFDD19E0}.Release|x64_2.ActiveCfg = Release|Win32
		{DD51F923-398F-4CC0-9B19-E2B9DFDD19E0}.Release|x64_2.Build.0 = Release|Win32
		{EB8029AD-4CE9-41A2-AA26-E9F4B080F3F8}.Debug|Mixed Platforms.ActiveCfg = Debug|Win32
		{EB8029AD-4CE9-41A2-AA26-E9F4B080F3F8}.Debug|Mixed Platforms.Build.0 = Debug|Win32
		{EB8029AD-4CE9-41A2-AA26-E9F4B080F3F8}.Debug|Win32.ActiveCfg = Debug|Win32
		{EB8029AD-4CE9-41A2-AA26-E9F4B080F3F8}.Debug|Win32.Build.0 = Debug|Win32
		{EB8029AD-4CE9-41A2-AA26-E9F4B080F3F8}.Debug|x64.ActiveCfg = Debug|x64
		{EB8029AD-4CE9-41A2-AA26-E9F4B080F3F8}.Debug|x64.Build.0 = Debug|x64
		{EB8029AD-4CE9-41A2-AA26-E9F4B080F3F8}.Debug|x64_2.ActiveCfg = Release|Win32
		{EB8029AD-4CE9-41A2-AA26-E9F4B080F3F8}.Debug|x64_2.Build.0 = Release|Win32
		{EB8029AD-4CE9-41A2-AA26-E9F4B080F3F8}.Release|Mixed Platforms.ActiveCfg = Release|Win32
		{EB8029AD-4CE9-41A2-AA26-E9F4B080F3F8}.Release|Mixed Platforms.Build.0 = Release|Win32
		{EB8029AD-4CE9-41A2-AA26-E9F4B080F3F8}.Release|Win32.ActiveCfg = Release|Win32
		{EB8029AD-4CE9-41A2-AA26-E9F4B080F3F8}.Release|Win32.Build.0 = Release|Win32
		{EB8029AD-4CE9-41A2-AA26-E9F4B080F3F8}.Release|x64.ActiveCfg = Release|x64
		{EB8029AD-4CE9-41A2-AA26-E9F4B080F3F8}.Release|x64.Build.0 = Release|x64
		{EB8029AD-4CE9-41A2-AA26-E9F4B080F3F8}.Release|x64_2.ActiveCfg = Release|Win32
		{EB8029AD-4CE9-41A2-AA26-E9F4B080F3F8}.Release|x64_2.Build.0 = Release|Win32
		{687754FC-83DC-4035-98A2-67F99997DC87}.Debug|Mixed Platforms.ActiveCfg = Debug|Win32
		{687754FC-83DC-4035-98A2-67F99997DC87}.Debug|Mixed Platforms.Build.0 = Debug|Win32
		{687754FC-83DC-4035-98A2-67F99997DC87}.Debug|Win32.ActiveCfg = Debug|Win32
		{687754FC-83DC-4035-98A2-67F99997DC87}.Debug|Win32.Build.0 = Debug|Win32
		{687754FC-83DC-4035-98A2-67F99997DC87}.Debug|x64.ActiveCfg = Debug|x64
		{687754FC-83DC-4035-98A2-67F99997DC87}.Debug|x64.Build.0 = Debug|x64
		{687754FC-83DC-4035-98A2-67F99997DC87}.Debug|x64_2.ActiveCfg = Release|Win32
		{687754FC-83DC-4035-98A2-67F99997DC87}.Debug|x64_2.Build.0 = Release|Win32
		{687754FC-83DC-4035-98A2-67F99997DC87}.Release|Mixed Platforms.ActiveCfg = Release|Win32
		{687754FC-83DC-4035-98A2-67F99997DC87}.Release|Mixed Platforms.Build.0 = Release|Win32
		{687754FC-83DC-4035-98A2-67F99997DC87}.Release|Win32.ActiveCfg = Release|Win32
		{687754FC-83DC-4035-98A2-67F99997DC87}.Release|Win32.Build.0 = Release|Win32
		{687754FC-83DC-4035-98A2-67F99997DC87}.Release|x64.ActiveCfg = Release|x64
		{687754FC-83DC-4035-98A2-67F99997DC87}.Release|x64.Build.0 = Release|x64
		{687754FC-83DC-4035-98A2-67F99997DC87}.Release|x64_2.ActiveCfg = Release|Win32
		{687754FC-83DC-4035-98A2-67F99997DC87}.Release|x64_2.Build.0 = Release|Win32
		{3A43FFFD-1775-4CAA-8FA4-2772C35DD25F}.Debug|Mixed Platforms.ActiveCfg = Debug|Win32
		{3A43FFFD-1775-4CAA-8FA4-2772C35DD25F}.Debug|Mixed Platforms.Build.0 = Debug|Win32
		{3A43FFFD-1775-4CAA-8FA4-2772C35DD25F}.Debug|Win32.ActiveCfg = Debug|Win32
		{3A43FFFD-1775-4CAA-8FA4-2772C35DD25F}.Debug|Win32.Build.0 = Debug|Win32
		{3A43FFFD-1775-4CAA-8FA4-2772C35DD25F}.Debug|x64.ActiveCfg = Debug|x64
		{3A43FFFD-1775-4CAA-8FA4-2772C35DD25F}.Debug|x64.Build.0 = Debug|x64
		{3A43FFFD-1775-4CAA-8FA4-2772C35DD25F}.Debug|x64_2.ActiveCfg = Release|Win32
		{3A43FFFD-1775-4CAA-8FA4-2772C35DD25F}.Debug|x64_2.Build.0 = Release|Win32
		{3A43FFFD-1775-4CAA-8FA4-2772C35DD25F}.Release|Mixed Platforms.ActiveCfg = Release|Win32
		{3A43FFFD-1775-4CAA-8FA4-2772C35DD25F}.Release|Mixed Platforms.Build.0 = Release|Win32
		{3A43FFFD-1775-4CAA-8FA4-2772C35DD25F}.Release|Win32.ActiveCfg = Release|Win32
		{3A43FFFD-1775-4CAA-8FA4-2772C35DD25F}.Release|Win32.Build.0 = Release|Win32
		{3A43FFFD-1775-4CAA-8FA4-2772C35DD25F}.Release|x64.ActiveCfg = Release|x64
		{3A43FFFD-1775-4CAA-8FA4-2772C35DD25F}.Release|x64.Build.0 = Release|x64
		{3A43FFFD-1775-4CAA-8FA4-2772C35DD25F}.Release|x64_2.ActiveCfg = Release|Win32
		{3A43FFFD-1775-4CAA-8FA4-2772C35DD25F}.Release|x64_2.Build.0 = Release|Win32
		{5ECE075B-6239-4672-B0E3-F2F8B2F5C9B6}.Debug|Mixed Platforms.ActiveCfg = Debug|Win32
		{5ECE075B-6239-4672-B0E3-F2F8B2F5C9B6}.Debug|Mixed Platforms.Build.0 = Debug|Win32
		{5ECE075B-6239-4672-B0E3-F2F8B2F5C9B6}.Debug|Win32.ActiveCfg = Debug|Win32
		{5ECE075B-6239-4672-B0E3-F2F8B2F5C9B6}.Debug|Win32.Build.0 = Debug|Win32
		{5ECE075B-6239-4672-B0E3-F2F8B2F5C9B6}.Debug|x64.ActiveCfg = Debug|x64
		{5ECE075B-6239-4672-B0E3-F2F8B2F5C9B6}.Debug|x64.Build.0 = Debug|x64
		{5ECE075B-6239-4672-B0E3-F2F8B2F5C9B6}.Debug|x64_2.ActiveCfg = Release|Win32
		{5ECE075B-6239-4672-B0E3-F2F8B2F5C9B6}.Debug|x64_2.Build.0 = Release|Win32
		{5ECE075B-6239-4672-B0E3-F2F8B2F5C9B6}.Release|Mixed Platforms.ActiveCfg = Release|Win32
		{5ECE075B-6239-4672-B0E3-F2F8B2F5C9B6}.Release|Mixed Platforms.Build.0 = Release|Win32
		{5ECE075B-6239-4672-B0E3-F2F8B2F5C9B6}.Release|Win32.ActiveCfg = Release|Win32
		{5ECE075B-6239-4672-B0E3-F2F8B2F5C9B6}.Release|Win32.Build.0 = Release|Win32
		{5ECE075B-6239-4672-B0E3-F2F8B2F5C9B6}.Release|x64.ActiveCfg = Release|x64
		{5ECE075B-6239-4672-B0E3-F2F8B2F5C9B6}.Release|x64.Build.0 = Release|x64
		{5ECE075B-6239-4672-B0E3-F2F8B2F5C9B6}.Release|x64_2.ActiveCfg = Release|Win32
		{5ECE075B-6239-4672-B0E3-F2F8B2F5C9B6}.Release|x64_2.Build.0 = Release|Win32
		{6360E565-7B14-4E42-998A-AF166C174397}.Debug|Mixed Platforms.ActiveCfg = Debug|Win32
		{6360E565-7B14-4E42-998A-AF166C174397}.Debug|Mixed Platforms.Build.0 = Debug|Win32
		{6360E565-7B14-4E42-998A-AF166C174397}.Debug|Win32.ActiveCfg = Debug|Win32
		{6360E565-7B14-4E42-998A-AF166C174397}.Debug|Win32.Build.0 = Debug|Win32
		{6360E565-7B14-4E42-998A-AF166C174397}.Debug|x64.ActiveCfg = Debug|x64
		{6360E565-7B14-4E42-998A-AF166C174397}.Debug|x64_2.ActiveCfg = Release|Win32
		{6360E565-7B14-4E42-998A-AF166C174397}.Release|Mixed Platforms.ActiveCfg = Release|Win32
		{6360E565-7B14-4E42-998A-AF166C174397}.Release|Mixed Platforms.Build.0 = Release|Win32
		{6360E565-7B14-4E42-998A-AF166C174397}.Release|Win32.ActiveCfg = Release|Win32
		{6360E565-7B14-4E42-998A-AF166C174397}.Release|Win32.Build.0 = Release|Win32
		{6360E565-7B14-4E42-998A-AF166C174397}.Release|x64.ActiveCfg = Release|x64
		{6360E565-7B14-4E42-998A-AF166C174397}.Release|x64_2.ActiveCfg = Release|Win32
		{162339B8-5B22-4F80-B722-300F26D4DCD5}.Debug|Mixed Platforms.ActiveCfg = Debug|Win32
		{162339B8-5B22-4F80-B722-300F26D4DCD5}.Debug|Mixed Platforms.Build.0 = Debug|Win32
		{162339B8-5B22-4F80-B722-300F26D4DCD5}.Debug|Win32.ActiveCfg = Debug|Win32
		{162339B8-5B22-4F80-B722-300F26D4DCD5}.Debug|Win32.Build.0 = Debug|Win32
		{162339B8-5B22-4F80-B722-300F26D4DCD5}.Debug|x64.ActiveCfg = Debug|x64
		{162339B8-5B22-4F80-B722-300F26D4DCD5}.Debug|x64_2.ActiveCfg = Release|Win32
		{162339B8-5B22-4F80-B722-300F26D4DCD5}.Release|Mixed Platforms.ActiveCfg = Release|Win32
		{162339B8-5B22-4F80-B722-300F26D4DCD5}.Release|Mixed Platforms.Build.0 = Release|Win32
		{162339B8-5B22-4F80-B722-300F26D4DCD5}.Release|Win32.ActiveCfg = Release|Win32
		{162339B8-5B22-4F80-B722-300F26D4DCD5}.Release|Win32.Build.0 = Release|Win32
		{162339B8-5B22-4F80-B722-300F26D4DCD5}.Release|x64.ActiveCfg = Release|x64
		{162339B8-5B22-4F80-B722-300F26D4DCD5}.Release|x64_2.ActiveCfg = Release|Win32
		{291F6F4B-C3F5-4584-BD2C-DBCC1CF6BAB2}.Debug|Mixed Platforms.ActiveCfg = Debug|Win32
		{291F6F4B-C3F5-4584-BD2C-DBCC1CF6BAB2}.Debug|Mixed Platforms.Build.0 = Debug|Win32
		{291F6F4B-C3F5-4584-BD2C-DBCC1CF6BAB2}.Debug|Win32.ActiveCfg = Debug|Win32
		{291F6F4B-C3F5-4584-BD2C-DBCC1CF6BAB2}.Debug|Win32.Build.0 = Debug|Win32
		{291F6F4B-C3F5-4584-BD2C-DBCC1CF6BAB2}.Debug|x64.ActiveCfg = Debug|x64
		{291F6F4B-C3F5-4584-BD2C-DBCC1CF6BAB2}.Debug|x64_2.ActiveCfg = Debug|Win32
		{291F6F4B-C3F5-4584-BD2C-DBCC1CF6BAB2}.Release|Mixed Platforms.ActiveCfg = Release|Win32
		{291F6F4B-C3F5-4584-BD2C-DBCC1CF6BAB2}.Release|Mixed Platforms.Build.0 = Release|Win32
		{291F6F4B-C3F5-4584-BD2C-DBCC1CF6BAB2}.Release|Win32.ActiveCfg = Release|Win32
		{291F6F4B-C3F5-4584-BD2C-DBCC1CF6BAB2}.Release|Win32.Build.0 = Release|Win32
		{291F6F4B-C3F5-4584-BD2C-DBCC1CF6BAB2}.Release|x64.ActiveCfg = Release|x64
		{291F6F4B-C3F5-4584-BD2C-DBCC1CF6BAB2}.Release|x64_2.ActiveCfg = Release|Win32
		{28D4B1B1-708D-4063-AE56-69256333D822}.Debug|Mixed Platforms.ActiveCfg = Debug|Win32
		{28D4B1B1-708D-4063-AE56-69256333D822}.Debug|Mixed Platforms.Build.0 = Debug|Win32
		{28D4B1B1-708D-4063-AE56-69256333D822}.Debug|Win32.ActiveCfg = Debug|Win32
		{28D4B1B1-708D-4063-AE56-69256333D822}.Debug|Win32.Build.0 = Debug|Win32
		{28D4B1B1-708D-4063-AE56-69256333D822}.Debug|x64.ActiveCfg = Debug|x64
		{28D4B1B1-708D-4063-AE56-69256333D822}.Debug|x64.Build.0 = Debug|x64
		{28D4B1B1-708D-4063-AE56-69256333D822}.Debug|x64_2.ActiveCfg = Debug|Win32
		{28D4B1B1-708D-4063-AE56-69256333D822}.Release|Mixed Platforms.ActiveCfg = Release|Win32
		{28D4B1B1-708D-4063-AE56-69256333D822}.Release|Mixed Platforms.Build.0 = Release|Win32
		{28D4B1B1-708D-4063-AE56-69256333D822}.Release|Win32.ActiveCfg = Release|Win32
		{28D4B1B1-708D-4063-AE56-69256333D822}.Release|Win32.Build.0 = Release|Win32
		{28D4B1B1-708D-4063-AE56-69256333D822}.Release|x64.ActiveCfg = Release|x64
		{28D4B1B1-708D-4063-AE56-69256333D822}.Release|x64.Build.0 = Release|x64
		{28D4B1B1-708D-4063-AE56-69256333D822}.Release|x64_2.ActiveCfg = Release|Win32
	EndGlobalSection
	GlobalSection(SolutionProperties) = preSolution
		HideSolutionNode = FALSE
	EndGlobalSection
EndGlobal
